
Microsoft Visual Studio Solution File, Format Version 12.00
# Visual Studio Version 17
VisualStudioVersion = 17.8.34316.72
MinimumVisualStudioVersion = 10.0.40219.1
Project("{FAE04EC0-301F-11D3-BF4B-00C04F79EFBC}") = "GptAssistant.Api", "GptAssistantApi\GptAssistant.Api.csproj", "{95B89F7F-EAF4-4D36-A63C-899C7BB54C12}"
EndProject
Project("{FAE04EC0-301F-11D3-BF4B-00C04F79EFBC}") = "GptAssistant.Service", "GptAssistant.Service\GptAssistant.Service.csproj", "{F15800FA-A9BD-46DB-96CE-BDDD16D7BEF2}"
EndProject
Project("{FAE04EC0-301F-11D3-BF4B-00C04F79EFBC}") = "GptAssistant.Data", "GptAssistant.Data\GptAssistant.Data.csproj", "{7D379C7C-7EBD-469E-AD8E-9781E4BD713A}"
EndProject
Global
	GlobalSection(SolutionConfigurationPlatforms) = preSolution
		Debug|Any CPU = Debug|Any CPU
		Release|Any CPU = Release|Any CPU
	EndGlobalSection
	GlobalSection(ProjectConfigurationPlatforms) = postSolution
		{95B89F7F-EAF4-4D36-A63C-899C7BB54C12}.Debug|Any CPU.ActiveCfg = Debug|Any CPU
		{95B89F7F-EAF4-4D36-A63C-899C7BB54C12}.Debug|Any CPU.Build.0 = Debug|Any CPU
		{95B89F7F-EAF4-4D36-A63C-899C7BB54C12}.Release|Any CPU.ActiveCfg = Release|Any CPU
		{95B89F7F-EAF4-4D36-A63C-899C7BB54C12}.Release|Any CPU.Build.0 = Release|Any CPU
		{F15800FA-A9BD-46DB-96CE-BDDD16D7BEF2}.Debug|Any CPU.ActiveCfg = Debug|Any CPU
		{F15800FA-A9BD-46DB-96CE-BDDD16D7BEF2}.Debug|Any CPU.Build.0 = Debug|Any CPU
		{F15800FA-A9BD-46DB-96CE-BDDD16D7BEF2}.Release|Any CPU.ActiveCfg = Release|Any CPU
		{F15800FA-A9BD-46DB-96CE-BDDD16D7BEF2}.Release|Any CPU.Build.0 = Release|Any CPU
		{7D379C7C-7EBD-469E-AD8E-9781E4BD713A}.Debug|Any CPU.ActiveCfg = Debug|Any CPU
		{7D379C7C-7EBD-469E-AD8E-9781E4BD713A}.Debug|Any CPU.Build.0 = Debug|Any CPU
		{7D379C7C-7EBD-469E-AD8E-9781E4BD713A}.Release|Any CPU.ActiveCfg = Release|Any CPU
		{7D379C7C-7EBD-469E-AD8E-9781E4BD713A}.Release|Any CPU.Build.0 = Release|Any CPU
	EndGlobalSection
	GlobalSection(SolutionProperties) = preSolution
		HideSolutionNode = FALSE
	EndGlobalSection
	GlobalSection(ExtensibilityGlobals) = postSolution
		SolutionGuid = {D7F102DE-344B-488B-855D-9C2EA2393D90}
	EndGlobalSection
EndGlobal
